// !$*UTF8*$!
{
	archiveVersion = 1;
	classes = {
	};
	objectVersion = 50;
	objects = {

/* Begin PBXBuildFile section */
		CD1D4BF0210D036C000B813A /* AppDelegate.swift in Sources */ = {isa = PBXBuildFile; fileRef = CD1D4BEF210D036C000B813A /* AppDelegate.swift */; };
		CD1D4BF2210D036C000B813A /* ViewController.swift in Sources */ = {isa = PBXBuildFile; fileRef = CD1D4BF1210D036C000B813A /* ViewController.swift */; };
		CD1D4BF5210D036C000B813A /* Main.storyboard in Resources */ = {isa = PBXBuildFile; fileRef = CD1D4BF3210D036C000B813A /* Main.storyboard */; };
		CD1D4BFA210D036D000B813A /* LaunchScreen.storyboard in Resources */ = {isa = PBXBuildFile; fileRef = CD1D4BF8210D036D000B813A /* LaunchScreen.storyboard */; };
		CD1D4C02210D2357000B813A /* Assets.xcassets in Resources */ = {isa = PBXBuildFile; fileRef = CD1D4C01210D2357000B813A /* Assets.xcassets */; };
		CD1D4C04210D261A000B813A /* Bus.swift in Sources */ = {isa = PBXBuildFile; fileRef = CD1D4C03210D261A000B813A /* Bus.swift */; };
		CD1D4C08210EA800000B813A /* NextBussesTable.swift in Sources */ = {isa = PBXBuildFile; fileRef = CD1D4C07210EA800000B813A /* NextBussesTable.swift */; };
/* End PBXBuildFile section */

/* Begin PBXFileReference section */
		CD1D4BEC210D036C000B813A /* B38.app */ = {isa = PBXFileReference; explicitFileType = wrapper.application; includeInIndex = 0; path = B38.app; sourceTree = BUILT_PRODUCTS_DIR; };
		CD1D4BEF210D036C000B813A /* AppDelegate.swift */ = {isa = PBXFileReference; lastKnownFileType = sourcecode.swift; path = AppDelegate.swift; sourceTree = "<group>"; };
		CD1D4BF1210D036C000B813A /* ViewController.swift */ = {isa = PBXFileReference; lastKnownFileType = sourcecode.swift; path = ViewController.swift; sourceTree = "<group>"; };
		CD1D4BF4210D036C000B813A /* Base */ = {isa = PBXFileReference; lastKnownFileType = file.storyboard; name = Base; path = Base.lproj/Main.storyboard; sourceTree = "<group>"; };
		CD1D4BF9210D036D000B813A /* Base */ = {isa = PBXFileReference; lastKnownFileType = file.storyboard; name = Base; path = Base.lproj/LaunchScreen.storyboard; sourceTree = "<group>"; };
		CD1D4BFB210D036D000B813A /* Info.plist */ = {isa = PBXFileReference; lastKnownFileType = text.plist.xml; path = Info.plist; sourceTree = "<group>"; };
		CD1D4C01210D2357000B813A /* Assets.xcassets */ = {isa = PBXFileReference; lastKnownFileType = folder.assetcatalog; path = Assets.xcassets; sourceTree = "<group>"; };
		CD1D4C03210D261A000B813A /* Bus.swift */ = {isa = PBXFileReference; lastKnownFileType = sourcecode.swift; path = Bus.swift; sourceTree = "<group>"; };
		CD1D4C07210EA800000B813A /* NextBussesTable.swift */ = {isa = PBXFileReference; lastKnownFileType = sourcecode.swift; path = NextBussesTable.swift; sourceTree = "<group>"; };
/* End PBXFileReference section */

/* Begin PBXFrameworksBuildPhase section */
		CD1D4BE9210D036C000B813A /* Frameworks */ = {
			isa = PBXFrameworksBuildPhase;
			buildActionMask = 2147483647;
			files = (
			);
			runOnlyForDeploymentPostprocessing = 0;
		};
/* End PBXFrameworksBuildPhase section */

/* Begin PBXGroup section */
		CD1D4BE3210D036C000B813A = {
			isa = PBXGroup;
			children = (
				CD1D4BEE210D036C000B813A /* B38 */,
				CD1D4BED210D036C000B813A /* Products */,
			);
			sourceTree = "<group>";
		};
		CD1D4BED210D036C000B813A /* Products */ = {
			isa = PBXGroup;
			children = (
				CD1D4BEC210D036C000B813A /* B38.app */,
			);
			name = Products;
			sourceTree = "<group>";
		};
		CD1D4BEE210D036C000B813A /* B38 */ = {
			isa = PBXGroup;
			children = (
				CD1D4BEF210D036C000B813A /* AppDelegate.swift */,
				CD1D4BF1210D036C000B813A /* ViewController.swift */,
				CD1D4C07210EA800000B813A /* NextBussesTable.swift */,
				CD1D4C03210D261A000B813A /* Bus.swift */,
				CD1D4BF3210D036C000B813A /* Main.storyboard */,
				CD1D4BF8210D036D000B813A /* LaunchScreen.storyboard */,
				CD1D4C01210D2357000B813A /* Assets.xcassets */,
				CD1D4BFB210D036D000B813A /* Info.plist */,
			);
			path = B38;
			sourceTree = "<group>";
		};
/* End PBXGroup section */

/* Begin PBXNativeTarget section */
		CD1D4BEB210D036C000B813A /* B38 */ = {
			isa = PBXNativeTarget;
			buildConfigurationList = CD1D4BFE210D036D000B813A /* Build configuration list for PBXNativeTarget "B38" */;
			buildPhases = (
				CD1D4BE8210D036C000B813A /* Sources */,
				CD1D4BE9210D036C000B813A /* Frameworks */,
				CD1D4BEA210D036C000B813A /* Resources */,
			);
			buildRules = (
			);
			dependencies = (
			);
			name = B38;
			productName = B38;
			productReference = CD1D4BEC210D036C000B813A /* B38.app */;
			productType = "com.apple.product-type.application";
		};
/* End PBXNativeTarget section */

/* Begin PBXProject section */
		CD1D4BE4210D036C000B813A /* Project object */ = {
			isa = PBXProject;
			attributes = {
				LastSwiftUpdateCheck = 0940;
				LastUpgradeCheck = 0940;
				ORGANIZATIONNAME = "Patrick Weaver";
				TargetAttributes = {
					CD1D4BEB210D036C000B813A = {
						CreatedOnToolsVersion = 9.4.1;
					};
				};
			};
			buildConfigurationList = CD1D4BE7210D036C000B813A /* Build configuration list for PBXProject "B38" */;
			compatibilityVersion = "Xcode 9.3";
			developmentRegion = en;
			hasScannedForEncodings = 0;
			knownRegions = (
				en,
				Base,
			);
			mainGroup = CD1D4BE3210D036C000B813A;
			productRefGroup = CD1D4BED210D036C000B813A /* Products */;
			projectDirPath = "";
			projectRoot = "";
			targets = (
				CD1D4BEB210D036C000B813A /* B38 */,
			);
		};
/* End PBXProject section */

/* Begin PBXResourcesBuildPhase section */
		CD1D4BEA210D036C000B813A /* Resources */ = {
			isa = PBXResourcesBuildPhase;
			buildActionMask = 2147483647;
			files = (
				CD1D4BFA210D036D000B813A /* LaunchScreen.storyboard in Resources */,
				CD1D4C02210D2357000B813A /* Assets.xcassets in Resources */,
				CD1D4BF5210D036C000B813A /* Main.storyboard in Resources */,
			);
			runOnlyForDeploymentPostprocessing = 0;
		};
/* End PBXResourcesBuildPhase section */

/* Begin PBXSourcesBuildPhase section */
		CD1D4BE8210D036C000B813A /* Sources */ = {
			isa = PBXSourcesBuildPhase;
			buildActionMask = 2147483647;
			files = (
				CD1D4C08210EA800000B813A /* NextBussesTable.swift in Sources */,
				CD1D4C04210D261A000B813A /* Bus.swift in Sources */,
				CD1D4BF2210D036C000B813A /* ViewController.swift in Sources */,
				CD1D4BF0210D036C000B813A /* AppDelegate.swift in Sources */,
			);
			runOnlyForDeploymentPostprocessing = 0;
		};
/* End PBXSourcesBuildPhase section */

/* Begin PBXVariantGroup section */
		CD1D4BF3210D036C000B813A /* Main.storyboard */ = {
			isa = PBXVariantGroup;
			children = (
				CD1D4BF4210D036C000B813A /* Base */,
			);
			name = Main.storyboard;
			sourceTree = "<group>";
		};
		CD1D4BF8210D036D000B813A /* LaunchScreen.storyboard */ = {
			isa = PBXVariantGroup;
			children = (
				CD1D4BF9210D036D000B813A /* Base */,
			);
			name = LaunchScreen.storyboard;
			sourceTree = "<group>";
		};
/* End PBXVariantGroup section */

/* Begin XCBuildConfiguration section */
		CD1D4BFC210D036D000B813A /* Debug */ = {
			isa = XCBuildConfiguration;
			buildSettings = {
				ALWAYS_SEARCH_USER_PATHS = NO;
				CLANG_ANALYZER_NONNULL = YES;
				CLANG_ANALYZER_NUMBER_OBJECT_CONVERSION = YES_AGGRESSIVE;
				CLANG_CXX_LANGUAGE_STANDARD = "gnu++14";
				CLANG_CXX_LIBRARY = "libc++";
				CLANG_ENABLE_MODULES = YES;
				CLANG_ENABLE_OBJC_ARC = YES;
				CLANG_ENABLE_OBJC_WEAK = YES;
				CLANG_WARN_BLOCK_CAPTURE_AUTORELEASING = YES;
				CLANG_WARN_BOOL_CONVERSION = YES;
				CLANG_WARN_COMMA = YES;
				CLANG_WARN_CONSTANT_CONVERSION = YES;
				CLANG_WARN_DEPRECATED_OBJC_IMPLEMENTATIONS = YES;
				CLANG_WARN_DIRECT_OBJC_ISA_USAGE = YES_ERROR;
				CLANG_WARN_DOCUMENTATION_COMMENTS = YES;
				CLANG_WARN_EMPTY_BODY = YES;
				CLANG_WARN_ENUM_CONVERSION = YES;
				CLANG_WARN_INFINITE_RECURSION = YES;
				CLANG_WARN_INT_CONVERSION = YES;
				CLANG_WARN_NON_LITERAL_NULL_CONVERSION = YES;
				CLANG_WARN_OBJC_IMPLICIT_RETAIN_SELF = YES;
				CLANG_WARN_OBJC_LITERAL_CONVERSION = YES;
				CLANG_WARN_OBJC_ROOT_CLASS = YES_ERROR;
				CLANG_WARN_RANGE_LOOP_ANALYSIS = YES;
				CLANG_WARN_STRICT_PROTOTYPES = YES;
				CLANG_WARN_SUSPICIOUS_MOVE = YES;
				CLANG_WARN_UNGUARDED_AVAILABILITY = YES_AGGRESSIVE;
				CLANG_WARN_UNREACHABLE_CODE = YES;
				CLANG_WARN__DUPLICATE_METHOD_MATCH = YES;
				CODE_SIGN_IDENTITY = "iPhone Developer";
				COPY_PHASE_STRIP = NO;
				DEBUG_INFORMATION_FORMAT = dwarf;
				ENABLE_STRICT_OBJC_MSGSEND = YES;
				ENABLE_TESTABILITY = YES;
				GCC_C_LANGUAGE_STANDARD = gnu11;
				GCC_DYNAMIC_NO_PIC = NO;
				GCC_NO_COMMON_BLOCKS = YES;
				GCC_OPTIMIZATION_LEVEL = 0;
				GCC_PREPROCESSOR_DEFINITIONS = (
					"DEBUG=1",
					"$(inherited)",
				);
				GCC_WARN_64_TO_32_BIT_CONVERSION = YES;
				GCC_WARN_ABOUT_RETURN_TYPE = YES_ERROR;
				GCC_WARN_UNDECLARED_SELECTOR = YES;
				GCC_WARN_UNINITIALIZED_AUTOS = YES_AGGRESSIVE;
				GCC_WARN_UNUSED_FUNCTION = YES;
				GCC_WARN_UNUSED_VARIABLE = YES;
				IPHONEOS_DEPLOYMENT_TARGET = 11.4;
				MTL_ENABLE_DEBUG_INFO = YES;
				ONLY_ACTIVE_ARCH = YES;
				SDKROOT = iphoneos;
				SWIFT_ACTIVE_COMPILATION_CONDITIONS = DEBUG;
				SWIFT_OPTIMIZATION_LEVEL = "-Onone";
			};
			name = Debug;
		};
		CD1D4BFD210D036D000B813A /* Release */ = {
			isa = XCBuildConfiguration;
			buildSettings = {
				ALWAYS_SEARCH_USER_PATHS = NO;
				CLANG_ANALYZER_NONNULL = YES;
				CLANG_ANALYZER_NUMBER_OBJECT_CONVERSION = YES_AGGRESSIVE;
				CLANG_CXX_LANGUAGE_STANDARD = "gnu++14";
				CLANG_CXX_LIBRARY = "libc++";
				CLANG_ENABLE_MODULES = YES;
				CLANG_ENABLE_OBJC_ARC = YES;
				CLANG_ENABLE_OBJC_WEAK = YES;
				CLANG_WARN_BLOCK_CAPTURE_AUTORELEASING = YES;
				CLANG_WARN_BOOL_CONVERSION = YES;
				CLANG_WARN_COMMA = YES;
				CLANG_WARN_CONSTANT_CONVERSION = YES;
				CLANG_WARN_DEPRECATED_OBJC_IMPLEMENTATIONS = YES;
				CLANG_WARN_DIRECT_OBJC_ISA_USAGE = YES_ERROR;
				CLANG_WARN_DOCUMENTATION_COMMENTS = YES;
				CLANG_WARN_EMPTY_BODY = YES;
				CLANG_WARN_ENUM_CONVERSION = YES;
				CLANG_WARN_INFINITE_RECURSION = YES;
				CLANG_WARN_INT_CONVERSION = YES;
				CLANG_WARN_NON_LITERAL_NULL_CONVERSION = YES;
				CLANG_WARN_OBJC_IMPLICIT_RETAIN_SELF = YES;
				CLANG_WARN_OBJC_LITERAL_CONVERSION = YES;
				CLANG_WARN_OBJC_ROOT_CLASS = YES_ERROR;
				CLANG_WARN_RANGE_LOOP_ANALYSIS = YES;
				CLANG_WARN_STRICT_PROTOTYPES = YES;
				CLANG_WARN_SUSPICIOUS_MOVE = YES;
				CLANG_WARN_UNGUARDED_AVAILABILITY = YES_AGGRESSIVE;
				CLANG_WARN_UNREACHABLE_CODE = YES;
				CLANG_WARN__DUPLICATE_METHOD_MATCH = YES;
				CODE_SIGN_IDENTITY = "iPhone Developer";
				COPY_PHASE_STRIP = NO;
				DEBUG_INFORMATION_FORMAT = "dwarf-with-dsym";
				ENABLE_NS_ASSERTIONS = NO;
				ENABLE_STRICT_OBJC_MSGSEND = YES;
				GCC_C_LANGUAGE_STANDARD = gnu11;
				GCC_NO_COMMON_BLOCKS = YES;
				GCC_WARN_64_TO_32_BIT_CONVERSION = YES;
				GCC_WARN_ABOUT_RETURN_TYPE = YES_ERROR;
				GCC_WARN_UNDECLARED_SELECTOR = YES;
				GCC_WARN_UNINITIALIZED_AUTOS = YES_AGGRESSIVE;
				GCC_WARN_UNUSED_FUNCTION = YES;
				GCC_WARN_UNUSED_VARIABLE = YES;
				IPHONEOS_DEPLOYMENT_TARGET = 11.4;
				MTL_ENABLE_DEBUG_INFO = NO;
				SDKROOT = iphoneos;
				SWIFT_COMPILATION_MODE = wholemodule;
				SWIFT_OPTIMIZATION_LEVEL = "-O";
				VALIDATE_PRODUCT = YES;
			};
			name = Release;
		};
		CD1D4BFF210D036D000B813A /* Debug */ = {
			isa = XCBuildConfiguration;
			buildSettings = {
				ALWAYS_EMBED_SWIFT_STANDARD_LIBRARIES = NO;
				ASSETCATALOG_COMPILER_APPICON_NAME = AppIcon;
				CODE_SIGN_STYLE = Automatic;
				DEVELOPMENT_TEAM = SPASYDRHQ5;
				INFOPLIST_FILE = B38/Info.plist;
				LD_RUNPATH_SEARCH_PATHS = (
					"$(inherited)",
					"@executable_path/Frameworks",
				);
				PRODUCT_BUNDLE_IDENTIFIER = com.patrickweaver.B38;
				PRODUCT_NAME = "$(TARGET_NAME)";
				SWIFT_VERSION = 4.0;
				TARGETED_DEVICE_FAMILY = "1,2";
			};
			name = Debug;
		};
		CD1D4C00210D036D000B813A /* Release */ = {
			isa = XCBuildConfiguration;
			buildSettings = {
				ALWAYS_EMBED_SWIFT_STANDARD_LIBRARIES = NO;
				ASSETCATALOG_COMPILER_APPICON_NAME = AppIcon;
				CODE_SIGN_STYLE = Automatic;
				DEVELOPMENT_TEAM = SPASYDRHQ5;
				INFOPLIST_FILE = B38/Info.plist;
				LD_RUNPATH_SEARCH_PATHS = (
					"$(inherited)",
					"@executable_path/Frameworks",
				);
				PRODUCT_BUNDLE_IDENTIFIER = com.patrickweaver.B38;
				PRODUCT_NAME = "$(TARGET_NAME)";
				SWIFT_VERSION = 4.0;
				TARGETED_DEVICE_FAMILY = "1,2";
			};
			name = Release;
		};
/* End XCBuildConfiguration section */

/* Begin XCConfigurationList section */
		CD1D4BE7210D036C000B813A /* Build configuration list for PBXProject "B38" */ = {
			isa = XCConfigurationList;
			buildConfigurations = (
				CD1D4BFC210D036D000B813A /* Debug */,
				CD1D4BFD210D036D000B813A /* Release */,
			);
			defaultConfigurationIsVisible = 0;
			defaultConfigurationName = Release;
		};
		CD1D4BFE210D036D000B813A /* Build configuration list for PBXNativeTarget "B38" */ = {
			isa = XCConfigurationList;
			buildConfigurations = (
				CD1D4BFF210D036D000B813A /* Debug */,
				CD1D4C00210D036D000B813A /* Release */,
			);
			defaultConfigurationIsVisible = 0;
			defaultConfigurationName = Release;
		};
/* End XCConfigurationList section */
	};
	rootObject = CD1D4BE4210D036C000B813A /* Project object */;
}
